
Microsoft Visual Studio Solution File, Format Version 12.00
# Visual Studio Version 17
VisualStudioVersion = 17.5.33414.496
MinimumVisualStudioVersion = 10.0.40219.1
Project("{9A19103F-16F7-4668-BE54-9A1E7A4F7556}") = "PersonalSiteMVC", "PersonalSiteMVC\PersonalSiteMVC.csproj", "{B69C80EE-01D7-47F4-8F7A-BC435C966BBD}"
EndProject
Global
	GlobalSection(SolutionConfigurationPlatforms) = preSolution
		Debug|Any CPU = Debug|Any CPU
		Release|Any CPU = Release|Any CPU
	EndGlobalSection
	GlobalSection(ProjectConfigurationPlatforms) = postSolution
		{B69C80EE-01D7-47F4-8F7A-BC435C966BBD}.Debug|Any CPU.ActiveCfg = Debug|Any CPU
		{B69C80EE-01D7-47F4-8F7A-BC435C966BBD}.Debug|Any CPU.Build.0 = Debug|Any CPU
		{B69C80EE-01D7-47F4-8F7A-BC435C966BBD}.Release|Any CPU.ActiveCfg = Release|Any CPU
		{B69C80EE-01D7-47F4-8F7A-BC435C966BBD}.Release|Any CPU.Build.0 = Release|Any CPU
	EndGlobalSection
	GlobalSection(SolutionProperties) = preSolution
		HideSolutionNode = FALSE
	EndGlobalSection
	GlobalSection(ExtensibilityGlobals) = postSolution
		SolutionGuid = {7A5362B1-FDB3-4363-8387-E9226C69C6A1}
	EndGlobalSection
EndGlobal
